
Microsoft Visual Studio Solution File, Format Version 12.00
# Visual Studio Version 17
VisualStudioVersion = 17.13.35913.81 d17.13
MinimumVisualStudioVersion = 10.0.40219.1
Project("{FAE04EC0-301F-11D3-BF4B-00C04F79EFBC}") = "250319_우수연", "250319_우수연.csproj", "{FD6823B3-22A4-4A8C-B439-7FB6954DC563}"
EndProject
Global
	GlobalSection(SolutionConfigurationPlatforms) = preSolution
		Debug|Any CPU = Debug|Any CPU
		Release|Any CPU = Release|Any CPU
	EndGlobalSection
	GlobalSection(ProjectConfigurationPlatforms) = postSolution
		{FD6823B3-22A4-4A8C-B439-7FB6954DC563}.Debug|Any CPU.ActiveCfg = Debug|Any CPU
		{FD6823B3-22A4-4A8C-B439-7FB6954DC563}.Debug|Any CPU.Build.0 = Debug|Any CPU
		{FD6823B3-22A4-4A8C-B439-7FB6954DC563}.Release|Any CPU.ActiveCfg = Release|Any CPU
		{FD6823B3-22A4-4A8C-B439-7FB6954DC563}.Release|Any CPU.Build.0 = Release|Any CPU
	EndGlobalSection
	GlobalSection(SolutionProperties) = preSolution
		HideSolutionNode = FALSE
	EndGlobalSection
	GlobalSection(ExtensibilityGlobals) = postSolution
		SolutionGuid = {B445245B-EE3B-4898-A5CA-BDA3593296D1}
	EndGlobalSection
EndGlobal
