
Microsoft Visual Studio Solution File, Format Version 12.00
# Visual Studio Version 17
VisualStudioVersion = 17.13.35913.81 d17.13
MinimumVisualStudioVersion = 10.0.40219.1
Project("{FAE04EC0-301F-11D3-BF4B-00C04F79EFBC}") = "250325_우수연", "250325_우수연\250325_우수연.csproj", "{F180F646-D818-4D1B-8206-EF5FF377DA18}"
EndProject
Global
	GlobalSection(SolutionConfigurationPlatforms) = preSolution
		Debug|Any CPU = Debug|Any CPU
		Release|Any CPU = Release|Any CPU
	EndGlobalSection
	GlobalSection(ProjectConfigurationPlatforms) = postSolution
		{F180F646-D818-4D1B-8206-EF5FF377DA18}.Debug|Any CPU.ActiveCfg = Debug|Any CPU
		{F180F646-D818-4D1B-8206-EF5FF377DA18}.Debug|Any CPU.Build.0 = Debug|Any CPU
		{F180F646-D818-4D1B-8206-EF5FF377DA18}.Release|Any CPU.ActiveCfg = Release|Any CPU
		{F180F646-D818-4D1B-8206-EF5FF377DA18}.Release|Any CPU.Build.0 = Release|Any CPU
	EndGlobalSection
	GlobalSection(SolutionProperties) = preSolution
		HideSolutionNode = FALSE
	EndGlobalSection
	GlobalSection(ExtensibilityGlobals) = postSolution
		SolutionGuid = {B85F0226-77F7-47F2-B4FA-A295D7D1C27C}
	EndGlobalSection
EndGlobal
