
Microsoft Visual Studio Solution File, Format Version 12.00
# Visual Studio Version 17
VisualStudioVersion = 17.13.35806.99 d17.13
MinimumVisualStudioVersion = 10.0.40219.1
Project("{FAE04EC0-301F-11D3-BF4B-00C04F79EFBC}") = "250321_Trial_game", "250321_Trial_game\250321_Trial_game.csproj", "{4653719C-777A-4B3F-82D4-385F6E25A89E}"
EndProject
Global
	GlobalSection(SolutionConfigurationPlatforms) = preSolution
		Debug|Any CPU = Debug|Any CPU
		Release|Any CPU = Release|Any CPU
	EndGlobalSection
	GlobalSection(ProjectConfigurationPlatforms) = postSolution
		{4653719C-777A-4B3F-82D4-385F6E25A89E}.Debug|Any CPU.ActiveCfg = Debug|Any CPU
		{4653719C-777A-4B3F-82D4-385F6E25A89E}.Debug|Any CPU.Build.0 = Debug|Any CPU
		{4653719C-777A-4B3F-82D4-385F6E25A89E}.Release|Any CPU.ActiveCfg = Release|Any CPU
		{4653719C-777A-4B3F-82D4-385F6E25A89E}.Release|Any CPU.Build.0 = Release|Any CPU
	EndGlobalSection
	GlobalSection(SolutionProperties) = preSolution
		HideSolutionNode = FALSE
	EndGlobalSection
	GlobalSection(ExtensibilityGlobals) = postSolution
		SolutionGuid = {81F0DF8E-2F5C-4DAA-8B02-3501818B4552}
	EndGlobalSection
EndGlobal
