
Microsoft Visual Studio Solution File, Format Version 12.00
# Visual Studio Version 17
VisualStudioVersion = 17.13.35806.99 d17.13
MinimumVisualStudioVersion = 10.0.40219.1
Project("{FAE04EC0-301F-11D3-BF4B-00C04F79EFBC}") = "250321_Advanced Test", "250321_Advanced Test\250321_Advanced Test.csproj", "{86D77834-683D-479A-AD3A-03CDB962EBA3}"
EndProject
Global
	GlobalSection(SolutionConfigurationPlatforms) = preSolution
		Debug|Any CPU = Debug|Any CPU
		Release|Any CPU = Release|Any CPU
	EndGlobalSection
	GlobalSection(ProjectConfigurationPlatforms) = postSolution
		{86D77834-683D-479A-AD3A-03CDB962EBA3}.Debug|Any CPU.ActiveCfg = Debug|Any CPU
		{86D77834-683D-479A-AD3A-03CDB962EBA3}.Debug|Any CPU.Build.0 = Debug|Any CPU
		{86D77834-683D-479A-AD3A-03CDB962EBA3}.Release|Any CPU.ActiveCfg = Release|Any CPU
		{86D77834-683D-479A-AD3A-03CDB962EBA3}.Release|Any CPU.Build.0 = Release|Any CPU
	EndGlobalSection
	GlobalSection(SolutionProperties) = preSolution
		HideSolutionNode = FALSE
	EndGlobalSection
	GlobalSection(ExtensibilityGlobals) = postSolution
		SolutionGuid = {907A558E-3D7A-4883-8B51-CADB5F669B8B}
	EndGlobalSection
EndGlobal
